// !$*UTF8*$!
{
	archiveVersion = 1;
	classes = {
	};
	objectVersion = 48;
	objects = {

/* Begin PBXBuildFile section */
		2055F0B7BC0D3F735C840BA9 /* Pods_uIssue.framework in Frameworks */ = {isa = PBXBuildFile; fileRef = 7237C7F0E77AEB4EE858BDB2 /* Pods_uIssue.framework */; };
		24F4C84D5167248291595973 /* Pods_uIssueTests.framework in Frameworks */ = {isa = PBXBuildFile; fileRef = 49E59641D9AC918CEDDD6A4B /* Pods_uIssueTests.framework */; };
		48470F912011F32D003F5FBB /* LoginViewViewModel.swift in Sources */ = {isa = PBXBuildFile; fileRef = 48470F902011F32D003F5FBB /* LoginViewViewModel.swift */; };
		48470F95201244CB003F5FBB /* RepoListViewViewModel.swift in Sources */ = {isa = PBXBuildFile; fileRef = 48470F94201244CB003F5FBB /* RepoListViewViewModel.swift */; };
		48470F99201341E1003F5FBB /* RepoListViewViewModelTests.swift in Sources */ = {isa = PBXBuildFile; fileRef = 48470F98201341E1003F5FBB /* RepoListViewViewModelTests.swift */; };
		48470F9B20135092003F5FBB /* IssueListViewController.swift in Sources */ = {isa = PBXBuildFile; fileRef = 48470F9A20135092003F5FBB /* IssueListViewController.swift */; };
		48470F9D20138936003F5FBB /* IssueListViewViewModel.swift in Sources */ = {isa = PBXBuildFile; fileRef = 48470F9C20138936003F5FBB /* IssueListViewViewModel.swift */; };
		48470FA12015DDC1003F5FBB /* SettingViewViewModel.swift in Sources */ = {isa = PBXBuildFile; fileRef = 48470FA02015DDC1003F5FBB /* SettingViewViewModel.swift */; };
		48470FA82015F93F003F5FBB /* Navigator.swift in Sources */ = {isa = PBXBuildFile; fileRef = 48470FA72015F93F003F5FBB /* Navigator.swift */; };
		48470FAA20162E21003F5FBB /* SplashViewController.swift in Sources */ = {isa = PBXBuildFile; fileRef = 48470FA920162E20003F5FBB /* SplashViewController.swift */; };
		48470FAD2016E616003F5FBB /* userInfo.txt in Resources */ = {isa = PBXBuildFile; fileRef = 48470FAC2016E615003F5FBB /* userInfo.txt */; };
		48470FB12016FF45003F5FBB /* UserNetworkManagerTests.swift in Sources */ = {isa = PBXBuildFile; fileRef = 48470FB02016FF45003F5FBB /* UserNetworkManagerTests.swift */; };
		48470FB42017068D003F5FBB /* CreateIssueViewController.swift in Sources */ = {isa = PBXBuildFile; fileRef = 48470FB32017068D003F5FBB /* CreateIssueViewController.swift */; };
		48470FB62017069E003F5FBB /* CreateIssueViewViewModel.swift in Sources */ = {isa = PBXBuildFile; fileRef = 48470FB52017069E003F5FBB /* CreateIssueViewViewModel.swift */; };
		48470FB9201719AB003F5FBB /* IssueDetailViewController.swift in Sources */ = {isa = PBXBuildFile; fileRef = 48470FB8201719AB003F5FBB /* IssueDetailViewController.swift */; };
		48470FBB201719BA003F5FBB /* IssueDetailViewViewModel.swift in Sources */ = {isa = PBXBuildFile; fileRef = 48470FBA201719BA003F5FBB /* IssueDetailViewViewModel.swift */; };
		48470FBD20184EC8003F5FBB /* TableViewDataSource.swift in Sources */ = {isa = PBXBuildFile; fileRef = 48470FBC20184EC8003F5FBB /* TableViewDataSource.swift */; };
		48A313E61FF3956D00201F6E /* AppDelegate.swift in Sources */ = {isa = PBXBuildFile; fileRef = 48A313E51FF3956D00201F6E /* AppDelegate.swift */; };
		48A313EB1FF3956D00201F6E /* Main.storyboard in Resources */ = {isa = PBXBuildFile; fileRef = 48A313E91FF3956D00201F6E /* Main.storyboard */; };
		48A313ED1FF3956D00201F6E /* Assets.xcassets in Resources */ = {isa = PBXBuildFile; fileRef = 48A313EC1FF3956D00201F6E /* Assets.xcassets */; };
		48A313F01FF3956D00201F6E /* LaunchScreen.storyboard in Resources */ = {isa = PBXBuildFile; fileRef = 48A313EE1FF3956D00201F6E /* LaunchScreen.storyboard */; };
		48A3140B1FF3983600201F6E /* LoginViewController.swift in Sources */ = {isa = PBXBuildFile; fileRef = 48A3140A1FF3983600201F6E /* LoginViewController.swift */; };
		48A3140F1FF3A07B00201F6E /* AuthService.swift in Sources */ = {isa = PBXBuildFile; fileRef = 48A3140E1FF3A07B00201F6E /* AuthService.swift */; };
		48B83A17200F28BB00F2A490 /* Token.swift in Sources */ = {isa = PBXBuildFile; fileRef = 48B83A16200F28BB00F2A490 /* Token.swift */; };
		48B83A19200F66FA00F2A490 /* SettingViewController.swift in Sources */ = {isa = PBXBuildFile; fileRef = 48B83A18200F66FA00F2A490 /* SettingViewController.swift */; };
		48E44ABF1FF4B7C5008F9649 /* RepoListViewController.swift in Sources */ = {isa = PBXBuildFile; fileRef = 48E44ABE1FF4B7C5008F9649 /* RepoListViewController.swift */; };
		48E44AC41FF4F12C008F9649 /* Userdefaults.swift in Sources */ = {isa = PBXBuildFile; fileRef = 48E44AC31FF4F12C008F9649 /* Userdefaults.swift */; };
		48E44AC61FF508E9008F9649 /* Issue.swift in Sources */ = {isa = PBXBuildFile; fileRef = 48E44AC51FF508E9008F9649 /* Issue.swift */; };
		48E44AC81FF50C9B008F9649 /* IssueService.swift in Sources */ = {isa = PBXBuildFile; fileRef = 48E44AC71FF50C9B008F9649 /* IssueService.swift */; };
		48E44ACC1FF603D2008F9649 /* ListCell.swift in Sources */ = {isa = PBXBuildFile; fileRef = 48E44ACB1FF603D2008F9649 /* ListCell.swift */; };
/* End PBXBuildFile section */

/* Begin PBXContainerItemProxy section */
		48A313F71FF3956D00201F6E /* PBXContainerItemProxy */ = {
			isa = PBXContainerItemProxy;
			containerPortal = 48A313DA1FF3956D00201F6E /* Project object */;
			proxyType = 1;
			remoteGlobalIDString = 48A313E11FF3956D00201F6E;
			remoteInfo = uIssue;
		};
/* End PBXContainerItemProxy section */

/* Begin PBXFileReference section */
		48470F902011F32D003F5FBB /* LoginViewViewModel.swift */ = {isa = PBXFileReference; lastKnownFileType = sourcecode.swift; path = LoginViewViewModel.swift; sourceTree = "<group>"; };
		48470F94201244CB003F5FBB /* RepoListViewViewModel.swift */ = {isa = PBXFileReference; lastKnownFileType = sourcecode.swift; path = RepoListViewViewModel.swift; sourceTree = "<group>"; };
		48470F98201341E1003F5FBB /* RepoListViewViewModelTests.swift */ = {isa = PBXFileReference; lastKnownFileType = sourcecode.swift; path = RepoListViewViewModelTests.swift; sourceTree = "<group>"; };
		48470F9A20135092003F5FBB /* IssueListViewController.swift */ = {isa = PBXFileReference; lastKnownFileType = sourcecode.swift; path = IssueListViewController.swift; sourceTree = "<group>"; };
		48470F9C20138936003F5FBB /* IssueListViewViewModel.swift */ = {isa = PBXFileReference; lastKnownFileType = sourcecode.swift; path = IssueListViewViewModel.swift; sourceTree = "<group>"; };
		48470FA02015DDC1003F5FBB /* SettingViewViewModel.swift */ = {isa = PBXFileReference; lastKnownFileType = sourcecode.swift; path = SettingViewViewModel.swift; sourceTree = "<group>"; };
		48470FA72015F93F003F5FBB /* Navigator.swift */ = {isa = PBXFileReference; lastKnownFileType = sourcecode.swift; path = Navigator.swift; sourceTree = "<group>"; };
		48470FA920162E20003F5FBB /* SplashViewController.swift */ = {isa = PBXFileReference; lastKnownFileType = sourcecode.swift; path = SplashViewController.swift; sourceTree = "<group>"; };
		48470FAC2016E615003F5FBB /* userInfo.txt */ = {isa = PBXFileReference; fileEncoding = 4; lastKnownFileType = text; path = userInfo.txt; sourceTree = "<group>"; };
		48470FB02016FF45003F5FBB /* UserNetworkManagerTests.swift */ = {isa = PBXFileReference; lastKnownFileType = sourcecode.swift; path = UserNetworkManagerTests.swift; sourceTree = "<group>"; };
		48470FB32017068D003F5FBB /* CreateIssueViewController.swift */ = {isa = PBXFileReference; lastKnownFileType = sourcecode.swift; path = CreateIssueViewController.swift; sourceTree = "<group>"; };
		48470FB52017069E003F5FBB /* CreateIssueViewViewModel.swift */ = {isa = PBXFileReference; lastKnownFileType = sourcecode.swift; path = CreateIssueViewViewModel.swift; sourceTree = "<group>"; };
		48470FB8201719AB003F5FBB /* IssueDetailViewController.swift */ = {isa = PBXFileReference; lastKnownFileType = sourcecode.swift; path = IssueDetailViewController.swift; sourceTree = "<group>"; };
		48470FBA201719BA003F5FBB /* IssueDetailViewViewModel.swift */ = {isa = PBXFileReference; lastKnownFileType = sourcecode.swift; path = IssueDetailViewViewModel.swift; sourceTree = "<group>"; };
		48470FBC20184EC8003F5FBB /* TableViewDataSource.swift */ = {isa = PBXFileReference; lastKnownFileType = sourcecode.swift; path = TableViewDataSource.swift; sourceTree = "<group>"; };
		48A313E21FF3956D00201F6E /* uIssue.app */ = {isa = PBXFileReference; explicitFileType = wrapper.application; includeInIndex = 0; path = uIssue.app; sourceTree = BUILT_PRODUCTS_DIR; };
		48A313E51FF3956D00201F6E /* AppDelegate.swift */ = {isa = PBXFileReference; lastKnownFileType = sourcecode.swift; path = AppDelegate.swift; sourceTree = "<group>"; };
		48A313EA1FF3956D00201F6E /* Base */ = {isa = PBXFileReference; lastKnownFileType = file.storyboard; name = Base; path = Base.lproj/Main.storyboard; sourceTree = "<group>"; };
		48A313EC1FF3956D00201F6E /* Assets.xcassets */ = {isa = PBXFileReference; lastKnownFileType = folder.assetcatalog; path = Assets.xcassets; sourceTree = "<group>"; };
		48A313EF1FF3956D00201F6E /* Base */ = {isa = PBXFileReference; lastKnownFileType = file.storyboard; name = Base; path = Base.lproj/LaunchScreen.storyboard; sourceTree = "<group>"; };
		48A313F11FF3956D00201F6E /* Info.plist */ = {isa = PBXFileReference; lastKnownFileType = text.plist.xml; path = Info.plist; sourceTree = "<group>"; };
		48A313F61FF3956D00201F6E /* uIssueTests.xctest */ = {isa = PBXFileReference; explicitFileType = wrapper.cfbundle; includeInIndex = 0; path = uIssueTests.xctest; sourceTree = BUILT_PRODUCTS_DIR; };
		48A313FC1FF3956D00201F6E /* Info.plist */ = {isa = PBXFileReference; lastKnownFileType = text.plist.xml; path = Info.plist; sourceTree = "<group>"; };
		48A3140A1FF3983600201F6E /* LoginViewController.swift */ = {isa = PBXFileReference; lastKnownFileType = sourcecode.swift; path = LoginViewController.swift; sourceTree = "<group>"; };
		48A3140E1FF3A07B00201F6E /* AuthService.swift */ = {isa = PBXFileReference; lastKnownFileType = sourcecode.swift; path = AuthService.swift; sourceTree = "<group>"; };
		48B83A16200F28BB00F2A490 /* Token.swift */ = {isa = PBXFileReference; lastKnownFileType = sourcecode.swift; path = Token.swift; sourceTree = "<group>"; };
		48B83A18200F66FA00F2A490 /* SettingViewController.swift */ = {isa = PBXFileReference; lastKnownFileType = sourcecode.swift; path = SettingViewController.swift; sourceTree = "<group>"; };
		48E44ABE1FF4B7C5008F9649 /* RepoListViewController.swift */ = {isa = PBXFileReference; lastKnownFileType = sourcecode.swift; path = RepoListViewController.swift; sourceTree = "<group>"; };
		48E44AC31FF4F12C008F9649 /* Userdefaults.swift */ = {isa = PBXFileReference; lastKnownFileType = sourcecode.swift; path = Userdefaults.swift; sourceTree = "<group>"; };
		48E44AC51FF508E9008F9649 /* Issue.swift */ = {isa = PBXFileReference; lastKnownFileType = sourcecode.swift; path = Issue.swift; sourceTree = "<group>"; };
		48E44AC71FF50C9B008F9649 /* IssueService.swift */ = {isa = PBXFileReference; lastKnownFileType = sourcecode.swift; path = IssueService.swift; sourceTree = "<group>"; };
		48E44ACB1FF603D2008F9649 /* ListCell.swift */ = {isa = PBXFileReference; lastKnownFileType = sourcecode.swift; path = ListCell.swift; sourceTree = "<group>"; };
		49E59641D9AC918CEDDD6A4B /* Pods_uIssueTests.framework */ = {isa = PBXFileReference; explicitFileType = wrapper.framework; includeInIndex = 0; path = Pods_uIssueTests.framework; sourceTree = BUILT_PRODUCTS_DIR; };
		5996FB856E01B05D8E6C253F /* Pods-uIssueTests.release.xcconfig */ = {isa = PBXFileReference; includeInIndex = 1; lastKnownFileType = text.xcconfig; name = "Pods-uIssueTests.release.xcconfig"; path = "Pods/Target Support Files/Pods-uIssueTests/Pods-uIssueTests.release.xcconfig"; sourceTree = "<group>"; };
		6B5DE9CC3A79555DEC794AB6 /* Pods-uIssue.release.xcconfig */ = {isa = PBXFileReference; includeInIndex = 1; lastKnownFileType = text.xcconfig; name = "Pods-uIssue.release.xcconfig"; path = "Pods/Target Support Files/Pods-uIssue/Pods-uIssue.release.xcconfig"; sourceTree = "<group>"; };
		7237C7F0E77AEB4EE858BDB2 /* Pods_uIssue.framework */ = {isa = PBXFileReference; explicitFileType = wrapper.framework; includeInIndex = 0; path = Pods_uIssue.framework; sourceTree = BUILT_PRODUCTS_DIR; };
		7540D0CF640B326A535FA3B3 /* Pods-uIssue.debug.xcconfig */ = {isa = PBXFileReference; includeInIndex = 1; lastKnownFileType = text.xcconfig; name = "Pods-uIssue.debug.xcconfig"; path = "Pods/Target Support Files/Pods-uIssue/Pods-uIssue.debug.xcconfig"; sourceTree = "<group>"; };
		E0FFBE075BB842E67CEE95D3 /* Pods-uIssueTests.debug.xcconfig */ = {isa = PBXFileReference; includeInIndex = 1; lastKnownFileType = text.xcconfig; name = "Pods-uIssueTests.debug.xcconfig"; path = "Pods/Target Support Files/Pods-uIssueTests/Pods-uIssueTests.debug.xcconfig"; sourceTree = "<group>"; };
/* End PBXFileReference section */

/* Begin PBXFrameworksBuildPhase section */
		48A313DF1FF3956D00201F6E /* Frameworks */ = {
			isa = PBXFrameworksBuildPhase;
			buildActionMask = 2147483647;
			files = (
				2055F0B7BC0D3F735C840BA9 /* Pods_uIssue.framework in Frameworks */,
			);
			runOnlyForDeploymentPostprocessing = 0;
		};
		48A313F31FF3956D00201F6E /* Frameworks */ = {
			isa = PBXFrameworksBuildPhase;
			buildActionMask = 2147483647;
			files = (
				24F4C84D5167248291595973 /* Pods_uIssueTests.framework in Frameworks */,
			);
			runOnlyForDeploymentPostprocessing = 0;
		};
/* End PBXFrameworksBuildPhase section */

/* Begin PBXGroup section */
		0A42F8CC05D19C132C12EE6E /* Frameworks */ = {
			isa = PBXGroup;
			children = (
				7237C7F0E77AEB4EE858BDB2 /* Pods_uIssue.framework */,
				49E59641D9AC918CEDDD6A4B /* Pods_uIssueTests.framework */,
			);
			name = Frameworks;
			sourceTree = "<group>";
		};
		48470FA22015DDCB003F5FBB /* Login */ = {
			isa = PBXGroup;
			children = (
				48A3140A1FF3983600201F6E /* LoginViewController.swift */,
				48470F902011F32D003F5FBB /* LoginViewViewModel.swift */,
			);
			path = Login;
			sourceTree = "<group>";
		};
		48470FA32015DDDB003F5FBB /* RepoList */ = {
			isa = PBXGroup;
			children = (
				48E44ACB1FF603D2008F9649 /* ListCell.swift */,
				48E44ABE1FF4B7C5008F9649 /* RepoListViewController.swift */,
				48470F94201244CB003F5FBB /* RepoListViewViewModel.swift */,
			);
			path = RepoList;
			sourceTree = "<group>";
		};
		48470FA42015DDE3003F5FBB /* IssueList */ = {
			isa = PBXGroup;
			children = (
				48470F9C20138936003F5FBB /* IssueListViewViewModel.swift */,
				48470F9A20135092003F5FBB /* IssueListViewController.swift */,
			);
			path = IssueList;
			sourceTree = "<group>";
		};
		48470FA52015DDEB003F5FBB /* Setting */ = {
			isa = PBXGroup;
			children = (
				48470FA02015DDC1003F5FBB /* SettingViewViewModel.swift */,
				48B83A18200F66FA00F2A490 /* SettingViewController.swift */,
			);
			path = Setting;
			sourceTree = "<group>";
		};
		48470FAB20163149003F5FBB /* Splash */ = {
			isa = PBXGroup;
			children = (
				48470FA920162E20003F5FBB /* SplashViewController.swift */,
			);
			path = Splash;
			sourceTree = "<group>";
		};
		48470FB220170672003F5FBB /* CreateIssue */ = {
			isa = PBXGroup;
			children = (
				48470FB32017068D003F5FBB /* CreateIssueViewController.swift */,
				48470FB52017069E003F5FBB /* CreateIssueViewViewModel.swift */,
			);
			path = CreateIssue;
			sourceTree = "<group>";
		};
		48470FB720171998003F5FBB /* IssueDetail */ = {
			isa = PBXGroup;
			children = (
				48470FB8201719AB003F5FBB /* IssueDetailViewController.swift */,
				48470FBA201719BA003F5FBB /* IssueDetailViewViewModel.swift */,
			);
			path = IssueDetail;
			sourceTree = "<group>";
		};
		48A313D91FF3956D00201F6E = {
			isa = PBXGroup;
			children = (
				48A313E41FF3956D00201F6E /* uIssue */,
				48A313F91FF3956D00201F6E /* uIssueTests */,
				48A313E31FF3956D00201F6E /* Products */,
				F14E86620E3BE9398EEBDBCD /* Pods */,
				0A42F8CC05D19C132C12EE6E /* Frameworks */,
			);
			sourceTree = "<group>";
		};
		48A313E31FF3956D00201F6E /* Products */ = {
			isa = PBXGroup;
			children = (
				48A313E21FF3956D00201F6E /* uIssue.app */,
				48A313F61FF3956D00201F6E /* uIssueTests.xctest */,
			);
			name = Products;
			sourceTree = "<group>";
		};
		48A313E41FF3956D00201F6E /* uIssue */ = {
			isa = PBXGroup;
			children = (
				48E44AC21FF4F117008F9649 /* Extensions */,
				48A314091FF3963C00201F6E /* Resources */,
				48A314081FF3961B00201F6E /* Model */,
				48A314071FF395DA00201F6E /* Service */,
				48A314061FF395C900201F6E /* Supporting Files */,
				48A314051FF3959400201F6E /* Controller */,
			);
			path = uIssue;
			sourceTree = "<group>";
		};
		48A313F91FF3956D00201F6E /* uIssueTests */ = {
			isa = PBXGroup;
			children = (
				48470FAC2016E615003F5FBB /* userInfo.txt */,
				48A313FC1FF3956D00201F6E /* Info.plist */,
				48470F98201341E1003F5FBB /* RepoListViewViewModelTests.swift */,
				48470FB02016FF45003F5FBB /* UserNetworkManagerTests.swift */,
			);
			path = uIssueTests;
			sourceTree = "<group>";
		};
		48A314051FF3959400201F6E /* Controller */ = {
			isa = PBXGroup;
			children = (
				48470FB720171998003F5FBB /* IssueDetail */,
				48470FB220170672003F5FBB /* CreateIssue */,
				48470FAB20163149003F5FBB /* Splash */,
				48470FA52015DDEB003F5FBB /* Setting */,
				48470FA42015DDE3003F5FBB /* IssueList */,
				48470FA32015DDDB003F5FBB /* RepoList */,
				48470FA22015DDCB003F5FBB /* Login */,
				48A313E51FF3956D00201F6E /* AppDelegate.swift */,
				48470FA72015F93F003F5FBB /* Navigator.swift */,
				48470FBC20184EC8003F5FBB /* TableViewDataSource.swift */,
			);
			path = Controller;
			sourceTree = "<group>";
		};
		48A314061FF395C900201F6E /* Supporting Files */ = {
			isa = PBXGroup;
			children = (
				48A313F11FF3956D00201F6E /* Info.plist */,
			);
			path = "Supporting Files";
			sourceTree = "<group>";
		};
		48A314071FF395DA00201F6E /* Service */ = {
			isa = PBXGroup;
			children = (
				48A3140E1FF3A07B00201F6E /* AuthService.swift */,
				48E44AC71FF50C9B008F9649 /* IssueService.swift */,
			);
			path = Service;
			sourceTree = "<group>";
		};
		48A314081FF3961B00201F6E /* Model */ = {
			isa = PBXGroup;
			children = (
				48E44AC51FF508E9008F9649 /* Issue.swift */,
				48B83A16200F28BB00F2A490 /* Token.swift */,
			);
			path = Model;
			sourceTree = "<group>";
		};
		48A314091FF3963C00201F6E /* Resources */ = {
			isa = PBXGroup;
			children = (
				48A313EC1FF3956D00201F6E /* Assets.xcassets */,
				48A313E91FF3956D00201F6E /* Main.storyboard */,
				48A313EE1FF3956D00201F6E /* LaunchScreen.storyboard */,
			);
			path = Resources;
			sourceTree = "<group>";
		};
		48E44AC21FF4F117008F9649 /* Extensions */ = {
			isa = PBXGroup;
			children = (
				48E44AC31FF4F12C008F9649 /* Userdefaults.swift */,
			);
			path = Extensions;
			sourceTree = "<group>";
		};
		F14E86620E3BE9398EEBDBCD /* Pods */ = {
			isa = PBXGroup;
			children = (
				7540D0CF640B326A535FA3B3 /* Pods-uIssue.debug.xcconfig */,
				6B5DE9CC3A79555DEC794AB6 /* Pods-uIssue.release.xcconfig */,
				E0FFBE075BB842E67CEE95D3 /* Pods-uIssueTests.debug.xcconfig */,
				5996FB856E01B05D8E6C253F /* Pods-uIssueTests.release.xcconfig */,
			);
			name = Pods;
			sourceTree = "<group>";
		};
/* End PBXGroup section */

/* Begin PBXNativeTarget section */
		48A313E11FF3956D00201F6E /* uIssue */ = {
			isa = PBXNativeTarget;
			buildConfigurationList = 48A313FF1FF3956D00201F6E /* Build configuration list for PBXNativeTarget "uIssue" */;
			buildPhases = (
				EFAC5B50D1F5F21BC7A5FEA0 /* [CP] Check Pods Manifest.lock */,
				48A313DE1FF3956D00201F6E /* Sources */,
				48A313DF1FF3956D00201F6E /* Frameworks */,
				48A313E01FF3956D00201F6E /* Resources */,
				414165723429A7A54F8F0D90 /* [CP] Embed Pods Frameworks */,
				6AC1F83EC91B677A7170C4F6 /* [CP] Copy Pods Resources */,
			);
			buildRules = (
			);
			dependencies = (
			);
			name = uIssue;
			productName = uIssue;
			productReference = 48A313E21FF3956D00201F6E /* uIssue.app */;
			productType = "com.apple.product-type.application";
		};
		48A313F51FF3956D00201F6E /* uIssueTests */ = {
			isa = PBXNativeTarget;
			buildConfigurationList = 48A314021FF3956D00201F6E /* Build configuration list for PBXNativeTarget "uIssueTests" */;
			buildPhases = (
				36281E90AAA3994E7F4BA19A /* [CP] Check Pods Manifest.lock */,
				48A313F21FF3956D00201F6E /* Sources */,
				48A313F31FF3956D00201F6E /* Frameworks */,
				48A313F41FF3956D00201F6E /* Resources */,
				4C60F5B4543A9D74ECACACD0 /* [CP] Embed Pods Frameworks */,
				97731397097A7452FE2C84F9 /* [CP] Copy Pods Resources */,
			);
			buildRules = (
			);
			dependencies = (
				48A313F81FF3956D00201F6E /* PBXTargetDependency */,
			);
			name = uIssueTests;
			productName = uIssueTests;
			productReference = 48A313F61FF3956D00201F6E /* uIssueTests.xctest */;
			productType = "com.apple.product-type.bundle.unit-test";
		};
/* End PBXNativeTarget section */

/* Begin PBXProject section */
		48A313DA1FF3956D00201F6E /* Project object */ = {
			isa = PBXProject;
			attributes = {
				LastSwiftUpdateCheck = 0920;
				LastUpgradeCheck = 0920;
				ORGANIZATIONNAME = samchon;
				TargetAttributes = {
					48A313E11FF3956D00201F6E = {
						CreatedOnToolsVersion = 9.2;
						ProvisioningStyle = Automatic;
					};
					48A313F51FF3956D00201F6E = {
						CreatedOnToolsVersion = 9.2;
						LastSwiftMigration = 0920;
						ProvisioningStyle = Automatic;
						TestTargetID = 48A313E11FF3956D00201F6E;
					};
				};
			};
			buildConfigurationList = 48A313DD1FF3956D00201F6E /* Build configuration list for PBXProject "uIssue" */;
			compatibilityVersion = "Xcode 8.0";
			developmentRegion = en;
			hasScannedForEncodings = 0;
			knownRegions = (
				en,
				Base,
			);
			mainGroup = 48A313D91FF3956D00201F6E;
			productRefGroup = 48A313E31FF3956D00201F6E /* Products */;
			projectDirPath = "";
			projectRoot = "";
			targets = (
				48A313E11FF3956D00201F6E /* uIssue */,
				48A313F51FF3956D00201F6E /* uIssueTests */,
			);
		};
/* End PBXProject section */

/* Begin PBXResourcesBuildPhase section */
		48A313E01FF3956D00201F6E /* Resources */ = {
			isa = PBXResourcesBuildPhase;
			buildActionMask = 2147483647;
			files = (
				48A313F01FF3956D00201F6E /* LaunchScreen.storyboard in Resources */,
				48A313ED1FF3956D00201F6E /* Assets.xcassets in Resources */,
				48A313EB1FF3956D00201F6E /* Main.storyboard in Resources */,
			);
			runOnlyForDeploymentPostprocessing = 0;
		};
		48A313F41FF3956D00201F6E /* Resources */ = {
			isa = PBXResourcesBuildPhase;
			buildActionMask = 2147483647;
			files = (
				48470FAD2016E616003F5FBB /* userInfo.txt in Resources */,
			);
			runOnlyForDeploymentPostprocessing = 0;
		};
/* End PBXResourcesBuildPhase section */

/* Begin PBXShellScriptBuildPhase section */
		36281E90AAA3994E7F4BA19A /* [CP] Check Pods Manifest.lock */ = {
			isa = PBXShellScriptBuildPhase;
			buildActionMask = 2147483647;
			files = (
			);
			inputPaths = (
				"${PODS_PODFILE_DIR_PATH}/Podfile.lock",
				"${PODS_ROOT}/Manifest.lock",
			);
			name = "[CP] Check Pods Manifest.lock";
			outputPaths = (
				"$(DERIVED_FILE_DIR)/Pods-uIssueTests-checkManifestLockResult.txt",
			);
			runOnlyForDeploymentPostprocessing = 0;
			shellPath = /bin/sh;
			shellScript = "diff \"${PODS_PODFILE_DIR_PATH}/Podfile.lock\" \"${PODS_ROOT}/Manifest.lock\" > /dev/null\nif [ $? != 0 ] ; then\n    # print error to STDERR\n    echo \"error: The sandbox is not in sync with the Podfile.lock. Run 'pod install' or update your CocoaPods installation.\" >&2\n    exit 1\nfi\n# This output is used by Xcode 'outputs' to avoid re-running this script phase.\necho \"SUCCESS\" > \"${SCRIPT_OUTPUT_FILE_0}\"\n";
			showEnvVarsInLog = 0;
		};
		414165723429A7A54F8F0D90 /* [CP] Embed Pods Frameworks */ = {
			isa = PBXShellScriptBuildPhase;
			buildActionMask = 2147483647;
			files = (
			);
			inputPaths = (
				"${SRCROOT}/Pods/Target Support Files/Pods-uIssue/Pods-uIssue-frameworks.sh",
				"${BUILT_PRODUCTS_DIR}/RxCocoa/RxCocoa.framework",
				"${BUILT_PRODUCTS_DIR}/RxSwift/RxSwift.framework",
				"${BUILT_PRODUCTS_DIR}/SnapKit/SnapKit.framework",
			);
			name = "[CP] Embed Pods Frameworks";
			outputPaths = (
				"${TARGET_BUILD_DIR}/${FRAMEWORKS_FOLDER_PATH}/RxCocoa.framework",
				"${TARGET_BUILD_DIR}/${FRAMEWORKS_FOLDER_PATH}/RxSwift.framework",
				"${TARGET_BUILD_DIR}/${FRAMEWORKS_FOLDER_PATH}/SnapKit.framework",
			);
			runOnlyForDeploymentPostprocessing = 0;
			shellPath = /bin/sh;
			shellScript = "\"${SRCROOT}/Pods/Target Support Files/Pods-uIssue/Pods-uIssue-frameworks.sh\"\n";
			showEnvVarsInLog = 0;
		};
		4C60F5B4543A9D74ECACACD0 /* [CP] Embed Pods Frameworks */ = {
			isa = PBXShellScriptBuildPhase;
			buildActionMask = 2147483647;
			files = (
			);
			inputPaths = (
				"${SRCROOT}/Pods/Target Support Files/Pods-uIssueTests/Pods-uIssueTests-frameworks.sh",
				"${BUILT_PRODUCTS_DIR}/RxSwift/RxSwift.framework",
				"${BUILT_PRODUCTS_DIR}/RxBlocking/RxBlocking.framework",
				"${BUILT_PRODUCTS_DIR}/RxTest/RxTest.framework",
			);
			name = "[CP] Embed Pods Frameworks";
			outputPaths = (
				"${TARGET_BUILD_DIR}/${FRAMEWORKS_FOLDER_PATH}/RxSwift.framework",
				"${TARGET_BUILD_DIR}/${FRAMEWORKS_FOLDER_PATH}/RxBlocking.framework",
				"${TARGET_BUILD_DIR}/${FRAMEWORKS_FOLDER_PATH}/RxTest.framework",
			);
			runOnlyForDeploymentPostprocessing = 0;
			shellPath = /bin/sh;
			shellScript = "\"${SRCROOT}/Pods/Target Support Files/Pods-uIssueTests/Pods-uIssueTests-frameworks.sh\"\n";
			showEnvVarsInLog = 0;
		};
		6AC1F83EC91B677A7170C4F6 /* [CP] Copy Pods Resources */ = {
			isa = PBXShellScriptBuildPhase;
			buildActionMask = 2147483647;
			files = (
			);
			inputPaths = (
			);
			name = "[CP] Copy Pods Resources";
			outputPaths = (
			);
			runOnlyForDeploymentPostprocessing = 0;
			shellPath = /bin/sh;
			shellScript = "\"${SRCROOT}/Pods/Target Support Files/Pods-uIssue/Pods-uIssue-resources.sh\"\n";
			showEnvVarsInLog = 0;
		};
		97731397097A7452FE2C84F9 /* [CP] Copy Pods Resources */ = {
			isa = PBXShellScriptBuildPhase;
			buildActionMask = 2147483647;
			files = (
			);
			inputPaths = (
			);
			name = "[CP] Copy Pods Resources";
			outputPaths = (
			);
			runOnlyForDeploymentPostprocessing = 0;
			shellPath = /bin/sh;
			shellScript = "\"${SRCROOT}/Pods/Target Support Files/Pods-uIssueTests/Pods-uIssueTests-resources.sh\"\n";
			showEnvVarsInLog = 0;
		};
		EFAC5B50D1F5F21BC7A5FEA0 /* [CP] Check Pods Manifest.lock */ = {
			isa = PBXShellScriptBuildPhase;
			buildActionMask = 2147483647;
			files = (
			);
			inputPaths = (
				"${PODS_PODFILE_DIR_PATH}/Podfile.lock",
				"${PODS_ROOT}/Manifest.lock",
			);
			name = "[CP] Check Pods Manifest.lock";
			outputPaths = (
				"$(DERIVED_FILE_DIR)/Pods-uIssue-checkManifestLockResult.txt",
			);
			runOnlyForDeploymentPostprocessing = 0;
			shellPath = /bin/sh;
			shellScript = "diff \"${PODS_PODFILE_DIR_PATH}/Podfile.lock\" \"${PODS_ROOT}/Manifest.lock\" > /dev/null\nif [ $? != 0 ] ; then\n    # print error to STDERR\n    echo \"error: The sandbox is not in sync with the Podfile.lock. Run 'pod install' or update your CocoaPods installation.\" >&2\n    exit 1\nfi\n# This output is used by Xcode 'outputs' to avoid re-running this script phase.\necho \"SUCCESS\" > \"${SCRIPT_OUTPUT_FILE_0}\"\n";
			showEnvVarsInLog = 0;
		};
/* End PBXShellScriptBuildPhase section */

/* Begin PBXSourcesBuildPhase section */
		48A313DE1FF3956D00201F6E /* Sources */ = {
			isa = PBXSourcesBuildPhase;
			buildActionMask = 2147483647;
			files = (
				48470F912011F32D003F5FBB /* LoginViewViewModel.swift in Sources */,
				48E44AC41FF4F12C008F9649 /* Userdefaults.swift in Sources */,
				48470FBB201719BA003F5FBB /* IssueDetailViewViewModel.swift in Sources */,
				48A3140B1FF3983600201F6E /* LoginViewController.swift in Sources */,
				48470FAA20162E21003F5FBB /* SplashViewController.swift in Sources */,
				48470F9D20138936003F5FBB /* IssueListViewViewModel.swift in Sources */,
				48470FB9201719AB003F5FBB /* IssueDetailViewController.swift in Sources */,
				48470F95201244CB003F5FBB /* RepoListViewViewModel.swift in Sources */,
				48470FA82015F93F003F5FBB /* Navigator.swift in Sources */,
				48470FB62017069E003F5FBB /* CreateIssueViewViewModel.swift in Sources */,
				48A313E61FF3956D00201F6E /* AppDelegate.swift in Sources */,
				48470FA12015DDC1003F5FBB /* SettingViewViewModel.swift in Sources */,
				48E44AC81FF50C9B008F9649 /* IssueService.swift in Sources */,
				48E44ACC1FF603D2008F9649 /* ListCell.swift in Sources */,
				48E44ABF1FF4B7C5008F9649 /* RepoListViewController.swift in Sources */,
				48A3140F1FF3A07B00201F6E /* AuthService.swift in Sources */,
				48470FBD20184EC8003F5FBB /* TableViewDataSource.swift in Sources */,
				48B83A17200F28BB00F2A490 /* Token.swift in Sources */,
				48470FB42017068D003F5FBB /* CreateIssueViewController.swift in Sources */,
				48E44AC61FF508E9008F9649 /* Issue.swift in Sources */,
				48B83A19200F66FA00F2A490 /* SettingViewController.swift in Sources */,
				48470F9B20135092003F5FBB /* IssueListViewController.swift in Sources */,
			);
			runOnlyForDeploymentPostprocessing = 0;
		};
		48A313F21FF3956D00201F6E /* Sources */ = {
			isa = PBXSourcesBuildPhase;
			buildActionMask = 2147483647;
			files = (
				48470F99201341E1003F5FBB /* RepoListViewViewModelTests.swift in Sources */,
				48470FB12016FF45003F5FBB /* UserNetworkManagerTests.swift in Sources */,
			);
			runOnlyForDeploymentPostprocessing = 0;
		};
/* End PBXSourcesBuildPhase section */

/* Begin PBXTargetDependency section */
		48A313F81FF3956D00201F6E /* PBXTargetDependency */ = {
			isa = PBXTargetDependency;
			target = 48A313E11FF3956D00201F6E /* uIssue */;
			targetProxy = 48A313F71FF3956D00201F6E /* PBXContainerItemProxy */;
		};
/* End PBXTargetDependency section */

/* Begin PBXVariantGroup section */
		48A313E91FF3956D00201F6E /* Main.storyboard */ = {
			isa = PBXVariantGroup;
			children = (
				48A313EA1FF3956D00201F6E /* Base */,
			);
			name = Main.storyboard;
			sourceTree = "<group>";
		};
		48A313EE1FF3956D00201F6E /* LaunchScreen.storyboard */ = {
			isa = PBXVariantGroup;
			children = (
				48A313EF1FF3956D00201F6E /* Base */,
			);
			name = LaunchScreen.storyboard;
			sourceTree = "<group>";
		};
/* End PBXVariantGroup section */

/* Begin XCBuildConfiguration section */
		48A313FD1FF3956D00201F6E /* Debug */ = {
			isa = XCBuildConfiguration;
			buildSettings = {
				ALWAYS_SEARCH_USER_PATHS = NO;
				CLANG_ANALYZER_NONNULL = YES;
				CLANG_ANALYZER_NUMBER_OBJECT_CONVERSION = YES_AGGRESSIVE;
				CLANG_CXX_LANGUAGE_STANDARD = "gnu++14";
				CLANG_CXX_LIBRARY = "libc++";
				CLANG_ENABLE_MODULES = YES;
				CLANG_ENABLE_OBJC_ARC = YES;
				CLANG_WARN_BLOCK_CAPTURE_AUTORELEASING = YES;
				CLANG_WARN_BOOL_CONVERSION = YES;
				CLANG_WARN_COMMA = YES;
				CLANG_WARN_CONSTANT_CONVERSION = YES;
				CLANG_WARN_DIRECT_OBJC_ISA_USAGE = YES_ERROR;
				CLANG_WARN_DOCUMENTATION_COMMENTS = YES;
				CLANG_WARN_EMPTY_BODY = YES;
				CLANG_WARN_ENUM_CONVERSION = YES;
				CLANG_WARN_INFINITE_RECURSION = YES;
				CLANG_WARN_INT_CONVERSION = YES;
				CLANG_WARN_NON_LITERAL_NULL_CONVERSION = YES;
				CLANG_WARN_OBJC_LITERAL_CONVERSION = YES;
				CLANG_WARN_OBJC_ROOT_CLASS = YES_ERROR;
				CLANG_WARN_RANGE_LOOP_ANALYSIS = YES;
				CLANG_WARN_STRICT_PROTOTYPES = YES;
				CLANG_WARN_SUSPICIOUS_MOVE = YES;
				CLANG_WARN_UNGUARDED_AVAILABILITY = YES_AGGRESSIVE;
				CLANG_WARN_UNREACHABLE_CODE = YES;
				CLANG_WARN__DUPLICATE_METHOD_MATCH = YES;
				CODE_SIGN_IDENTITY = "iPhone Developer";
				COPY_PHASE_STRIP = NO;
				DEBUG_INFORMATION_FORMAT = dwarf;
				ENABLE_STRICT_OBJC_MSGSEND = YES;
				ENABLE_TESTABILITY = YES;
				GCC_C_LANGUAGE_STANDARD = gnu11;
				GCC_DYNAMIC_NO_PIC = NO;
				GCC_NO_COMMON_BLOCKS = YES;
				GCC_OPTIMIZATION_LEVEL = 0;
				GCC_PREPROCESSOR_DEFINITIONS = (
					"DEBUG=1",
					"$(inherited)",
				);
				GCC_WARN_64_TO_32_BIT_CONVERSION = YES;
				GCC_WARN_ABOUT_RETURN_TYPE = YES_ERROR;
				GCC_WARN_UNDECLARED_SELECTOR = YES;
				GCC_WARN_UNINITIALIZED_AUTOS = YES_AGGRESSIVE;
				GCC_WARN_UNUSED_FUNCTION = YES;
				GCC_WARN_UNUSED_VARIABLE = YES;
				IPHONEOS_DEPLOYMENT_TARGET = 11.2;
				MTL_ENABLE_DEBUG_INFO = YES;
				ONLY_ACTIVE_ARCH = YES;
				SDKROOT = iphoneos;
				SWIFT_ACTIVE_COMPILATION_CONDITIONS = DEBUG;
				SWIFT_OPTIMIZATION_LEVEL = "-Onone";
			};
			name = Debug;
		};
		48A313FE1FF3956D00201F6E /* Release */ = {
			isa = XCBuildConfiguration;
			buildSettings = {
				ALWAYS_SEARCH_USER_PATHS = NO;
				CLANG_ANALYZER_NONNULL = YES;
				CLANG_ANALYZER_NUMBER_OBJECT_CONVERSION = YES_AGGRESSIVE;
				CLANG_CXX_LANGUAGE_STANDARD = "gnu++14";
				CLANG_CXX_LIBRARY = "libc++";
				CLANG_ENABLE_MODULES = YES;
				CLANG_ENABLE_OBJC_ARC = YES;
				CLANG_WARN_BLOCK_CAPTURE_AUTORELEASING = YES;
				CLANG_WARN_BOOL_CONVERSION = YES;
				CLANG_WARN_COMMA = YES;
				CLANG_WARN_CONSTANT_CONVERSION = YES;
				CLANG_WARN_DIRECT_OBJC_ISA_USAGE = YES_ERROR;
				CLANG_WARN_DOCUMENTATION_COMMENTS = YES;
				CLANG_WARN_EMPTY_BODY = YES;
				CLANG_WARN_ENUM_CONVERSION = YES;
				CLANG_WARN_INFINITE_RECURSION = YES;
				CLANG_WARN_INT_CONVERSION = YES;
				CLANG_WARN_NON_LITERAL_NULL_CONVERSION = YES;
				CLANG_WARN_OBJC_LITERAL_CONVERSION = YES;
				CLANG_WARN_OBJC_ROOT_CLASS = YES_ERROR;
				CLANG_WARN_RANGE_LOOP_ANALYSIS = YES;
				CLANG_WARN_STRICT_PROTOTYPES = YES;
				CLANG_WARN_SUSPICIOUS_MOVE = YES;
				CLANG_WARN_UNGUARDED_AVAILABILITY = YES_AGGRESSIVE;
				CLANG_WARN_UNREACHABLE_CODE = YES;
				CLANG_WARN__DUPLICATE_METHOD_MATCH = YES;
				CODE_SIGN_IDENTITY = "iPhone Developer";
				COPY_PHASE_STRIP = NO;
				DEBUG_INFORMATION_FORMAT = "dwarf-with-dsym";
				ENABLE_NS_ASSERTIONS = NO;
				ENABLE_STRICT_OBJC_MSGSEND = YES;
				GCC_C_LANGUAGE_STANDARD = gnu11;
				GCC_NO_COMMON_BLOCKS = YES;
				GCC_WARN_64_TO_32_BIT_CONVERSION = YES;
				GCC_WARN_ABOUT_RETURN_TYPE = YES_ERROR;
				GCC_WARN_UNDECLARED_SELECTOR = YES;
				GCC_WARN_UNINITIALIZED_AUTOS = YES_AGGRESSIVE;
				GCC_WARN_UNUSED_FUNCTION = YES;
				GCC_WARN_UNUSED_VARIABLE = YES;
				IPHONEOS_DEPLOYMENT_TARGET = 11.2;
				MTL_ENABLE_DEBUG_INFO = NO;
				SDKROOT = iphoneos;
				SWIFT_OPTIMIZATION_LEVEL = "-Owholemodule";
				VALIDATE_PRODUCT = YES;
			};
			name = Release;
		};
		48A314001FF3956D00201F6E /* Debug */ = {
			isa = XCBuildConfiguration;
			baseConfigurationReference = 7540D0CF640B326A535FA3B3 /* Pods-uIssue.debug.xcconfig */;
			buildSettings = {
				ASSETCATALOG_COMPILER_APPICON_NAME = AppIcon;
				CODE_SIGN_STYLE = Automatic;
				DEVELOPMENT_TEAM = J6JJA4UC5Z;
				INFOPLIST_FILE = "uIssue/Supporting Files/Info.plist";
				LD_RUNPATH_SEARCH_PATHS = "$(inherited) @executable_path/Frameworks";
				PRODUCT_BUNDLE_IDENTIFIER = com.samchon.uIssue;
				PRODUCT_NAME = "$(TARGET_NAME)";
				SWIFT_VERSION = 4.0;
				TARGETED_DEVICE_FAMILY = "1,2";
			};
			name = Debug;
		};
		48A314011FF3956D00201F6E /* Release */ = {
			isa = XCBuildConfiguration;
			baseConfigurationReference = 6B5DE9CC3A79555DEC794AB6 /* Pods-uIssue.release.xcconfig */;
			buildSettings = {
				ASSETCATALOG_COMPILER_APPICON_NAME = AppIcon;
				CODE_SIGN_STYLE = Automatic;
				DEVELOPMENT_TEAM = J6JJA4UC5Z;
				INFOPLIST_FILE = "uIssue/Supporting Files/Info.plist";
				LD_RUNPATH_SEARCH_PATHS = "$(inherited) @executable_path/Frameworks";
				PRODUCT_BUNDLE_IDENTIFIER = com.samchon.uIssue;
				PRODUCT_NAME = "$(TARGET_NAME)";
				SWIFT_VERSION = 4.0;
				TARGETED_DEVICE_FAMILY = "1,2";
			};
			name = Release;
		};
		48A314031FF3956D00201F6E /* Debug */ = {
			isa = XCBuildConfiguration;
			baseConfigurationReference = E0FFBE075BB842E67CEE95D3 /* Pods-uIssueTests.debug.xcconfig */;
			buildSettings = {
				ALWAYS_EMBED_SWIFT_STANDARD_LIBRARIES = YES;
				BUNDLE_LOADER = "$(TEST_HOST)";
				CLANG_ENABLE_MODULES = YES;
				CODE_SIGN_STYLE = Automatic;
				DEVELOPMENT_TEAM = J6JJA4UC5Z;
				INFOPLIST_FILE = uIssueTests/Info.plist;
				LD_RUNPATH_SEARCH_PATHS = "$(inherited) @executable_path/Frameworks @loader_path/Frameworks";
				PRODUCT_BUNDLE_IDENTIFIER = com.samchon.uIssueTests;
				PRODUCT_NAME = "$(TARGET_NAME)";
				SWIFT_OPTIMIZATION_LEVEL = "-Onone";
				SWIFT_VERSION = 4.0;
				TARGETED_DEVICE_FAMILY = "1,2";
				TEST_HOST = "$(BUILT_PRODUCTS_DIR)/uIssue.app/uIssue";
			};
			name = Debug;
		};
		48A314041FF3956D00201F6E /* Release */ = {
			isa = XCBuildConfiguration;
			baseConfigurationReference = 5996FB856E01B05D8E6C253F /* Pods-uIssueTests.release.xcconfig */;
			buildSettings = {
				ALWAYS_EMBED_SWIFT_STANDARD_LIBRARIES = YES;
				BUNDLE_LOADER = "$(TEST_HOST)";
				CLANG_ENABLE_MODULES = YES;
				CODE_SIGN_STYLE = Automatic;
				DEVELOPMENT_TEAM = J6JJA4UC5Z;
				INFOPLIST_FILE = uIssueTests/Info.plist;
				LD_RUNPATH_SEARCH_PATHS = "$(inherited) @executable_path/Frameworks @loader_path/Frameworks";
				PRODUCT_BUNDLE_IDENTIFIER = com.samchon.uIssueTests;
				PRODUCT_NAME = "$(TARGET_NAME)";
				SWIFT_VERSION = 4.0;
				TARGETED_DEVICE_FAMILY = "1,2";
				TEST_HOST = "$(BUILT_PRODUCTS_DIR)/uIssue.app/uIssue";
			};
			name = Release;
		};
/* End XCBuildConfiguration section */

/* Begin XCConfigurationList section */
		48A313DD1FF3956D00201F6E /* Build configuration list for PBXProject "uIssue" */ = {
			isa = XCConfigurationList;
			buildConfigurations = (
				48A313FD1FF3956D00201F6E /* Debug */,
				48A313FE1FF3956D00201F6E /* Release */,
			);
			defaultConfigurationIsVisible = 0;
			defaultConfigurationName = Release;
		};
		48A313FF1FF3956D00201F6E /* Build configuration list for PBXNativeTarget "uIssue" */ = {
			isa = XCConfigurationList;
			buildConfigurations = (
				48A314001FF3956D00201F6E /* Debug */,
				48A314011FF3956D00201F6E /* Release */,
			);
			defaultConfigurationIsVisible = 0;
			defaultConfigurationName = Release;
		};
		48A314021FF3956D00201F6E /* Build configuration list for PBXNativeTarget "uIssueTests" */ = {
			isa = XCConfigurationList;
			buildConfigurations = (
				48A314031FF3956D00201F6E /* Debug */,
				48A314041FF3956D00201F6E /* Release */,
			);
			defaultConfigurationIsVisible = 0;
			defaultConfigurationName = Release;
		};
/* End XCConfigurationList section */
	};
	rootObject = 48A313DA1FF3956D00201F6E /* Project object */;
}
